{
  "originHash" : "fffb7eced98064dc74666dfd54c01124252f8ae9851fe2ae7f0732aaeb388401",
  "pins" : [
    {
      "identity" : "aws-crt-swift",
      "kind" : "remoteSourceControl",
      "location" : "https://github.com/awslabs/aws-crt-swift",
      "state" : {
        "revision" : "7b42e0343f28b3451aab20840dc670abd12790bd",
        "version" : "0.36.0"
      }
    },
    {
      "identity" : "aws-sdk-swift",
      "kind" : "remoteSourceControl",
      "location" : "https://github.com/awslabs/aws-sdk-swift",
      "state" : {
        "revision" : "a41d3b3e01b9803a4a2e0c2273c2de4b3fd787a4",
        "version" : "0.77.1"
      }
    },
    {
      "identity" : "documentationcomment",
      "kind" : "remoteSourceControl",
      "location" : "https://github.com/fumito-ito/DocumentationComment.git",
      "state" : {
        "revision" : "90d3c5b9cccddb202c8adb99138733c868d7b082",
        "version" : "0.0.6"
      }
    },
    {
      "identity" : "functioncalling",
      "kind" : "remoteSourceControl",
      "location" : "https://github.com/FunctionCalling/FunctionCalling",
      "state" : {
        "revision" : "0cafcc55875342fe9d91fe00312b30cdca6742a0",
        "version" : "0.3.0"
      }
    },
    {
      "identity" : "grmustache.swift",
      "kind" : "remoteSourceControl",
      "location" : "https://github.com/groue/GRMustache.swift",
      "state" : {
        "revision" : "6e9dcfb807959e19f2915be1928aeccf01babba5",
        "version" : "4.2.0"
      }
    },
    {
      "identity" : "smithy-swift",
      "kind" : "remoteSourceControl",
      "location" : "https://github.com/smithy-lang/smithy-swift",
      "state" : {
        "revision" : "0ed3440f8c41e27a0937364d5035d2d4fefb8aa3",
        "version" : "0.71.0"
      }
    },
    {
      "identity" : "swift-cmark",
      "kind" : "remoteSourceControl",
      "location" : "https://github.com/apple/swift-cmark.git",
      "state" : {
        "revision" : "3ccff77b2dc5b96b77db3da0d68d28068593fa53",
        "version" : "0.5.0"
      }
    },
    {
      "identity" : "swift-log",
      "kind" : "remoteSourceControl",
      "location" : "https://github.com/apple/swift-log.git",
      "state" : {
        "revision" : "9cb486020ebf03bfa5b5df985387a14a98744537",
        "version" : "1.6.1"
      }
    },
    {
      "identity" : "swift-markdown",
      "kind" : "remoteSourceControl",
      "location" : "https://github.com/apple/swift-markdown.git",
      "state" : {
        "revision" : "8f79cb175981458a0a27e76cb42fee8e17b1a993",
        "version" : "0.5.0"
      }
    },
    {
      "identity" : "swift-syntax",
      "kind" : "remoteSourceControl",
      "location" : "https://github.com/apple/swift-syntax.git",
      "state" : {
        "revision" : "64889f0c732f210a935a0ad7cda38f77f876262d",
        "version" : "509.1.1"
      }
    }
  ],
  "version" : 3
}
